// !$*UTF8*$!
{
	archiveVersion = 1;
	classes = {
	};
	objectVersion = 46;
	objects = {

/* Begin PBXBuildFile section */
		0404B3F268897FB69D358151 /* Pods_cleancarUITests.framework in Frameworks */ = {isa = PBXBuildFile; fileRef = 48303207C9BACF141C57D8CC /* Pods_cleancarUITests.framework */; };
		3CCDD94ABB73D43BD8346AB0 /* Pods_cleancar.framework in Frameworks */ = {isa = PBXBuildFile; fileRef = EEC7078257E4E069BA7EF11A /* Pods_cleancar.framework */; };
		5209DE3F1D6C1EEA006E040E /* ServicesTableViewController.swift in Sources */ = {isa = PBXBuildFile; fileRef = 5209DE3E1D6C1EEA006E040E /* ServicesTableViewController.swift */; };
		5225B05A1D6B5CEB00BFBAE7 /* CarInfo.swift in Sources */ = {isa = PBXBuildFile; fileRef = 5225B0591D6B5CEB00BFBAE7 /* CarInfo.swift */; };
		5225B05C1D6B640E00BFBAE7 /* Services.swift in Sources */ = {isa = PBXBuildFile; fileRef = 5225B05B1D6B640E00BFBAE7 /* Services.swift */; };
		52284A8E1D75F5DD00A41427 /* BookingHoursCollectionViewCell.swift in Sources */ = {isa = PBXBuildFile; fileRef = 525C7C991D66CEE300DAE000 /* BookingHoursCollectionViewCell.swift */; };
		523F3B521D66EA4300B75421 /* BookingHour.swift in Sources */ = {isa = PBXBuildFile; fileRef = 523F3B511D66EA4300B75421 /* BookingHour.swift */; };
		523F3B551D67678B00B75421 /* GoogleService-Info.plist in Resources */ = {isa = PBXBuildFile; fileRef = 523F3B541D67678B00B75421 /* GoogleService-Info.plist */; };
		523F3B571D67A50B00B75421 /* BookingController.swift in Sources */ = {isa = PBXBuildFile; fileRef = 523F3B561D67A50B00B75421 /* BookingController.swift */; };
		5252E8131D731457009A841F /* FirebaseDataProtocol.swift in Sources */ = {isa = PBXBuildFile; fileRef = 5252E8121D731457009A841F /* FirebaseDataProtocol.swift */; };
		5252E8151D7582E2009A841F /* Utils.swift in Sources */ = {isa = PBXBuildFile; fileRef = 5252E8141D7582E2009A841F /* Utils.swift */; };
		525C7C971D66C6D400DAE000 /* PricelistController.swift in Sources */ = {isa = PBXBuildFile; fileRef = 525C7C961D66C6D400DAE000 /* PricelistController.swift */; };
		528947251D717441004B7090 /* LoginViewController.swift in Sources */ = {isa = PBXBuildFile; fileRef = 528947241D717441004B7090 /* LoginViewController.swift */; };
		528947271D71760D004B7090 /* LoginCheckViewController.swift in Sources */ = {isa = PBXBuildFile; fileRef = 528947261D71760D004B7090 /* LoginCheckViewController.swift */; };
		528947291D72C9D7004B7090 /* Reservation.swift in Sources */ = {isa = PBXBuildFile; fileRef = 528947281D72C9D7004B7090 /* Reservation.swift */; };
		5289472B1D72CA0F004B7090 /* User.swift in Sources */ = {isa = PBXBuildFile; fileRef = 5289472A1D72CA0F004B7090 /* User.swift */; };
		5289472D1D72CFA9004B7090 /* Washer.swift in Sources */ = {isa = PBXBuildFile; fileRef = 5289472C1D72CFA9004B7090 /* Washer.swift */; };
		5292AC041D6EB40A00E03760 /* Main.storyboard in Resources */ = {isa = PBXBuildFile; fileRef = 5292AC021D6EB40A00E03760 /* Main.storyboard */; };
		5292AC071D6EBD4C00E03760 /* Dimmable.swift in Sources */ = {isa = PBXBuildFile; fileRef = 5292AC061D6EBD4C00E03760 /* Dimmable.swift */; };
		B43C90031D6859F800667B09 /* FeedbackViewController.swift in Sources */ = {isa = PBXBuildFile; fileRef = B43C90021D6859F800667B09 /* FeedbackViewController.swift */; };
		B45905C41D6AC92600CFEFEF /* PopUpViewController.swift in Sources */ = {isa = PBXBuildFile; fileRef = B45905C31D6AC92600CFEFEF /* PopUpViewController.swift */; };
		B45905C61D6C171B00CFEFEF /* OrdersTableViewController.swift in Sources */ = {isa = PBXBuildFile; fileRef = B45905C51D6C171B00CFEFEF /* OrdersTableViewController.swift */; };
		B45905CB1D7023D000CFEFEF /* UISegmentedControl_fontSize.swift in Sources */ = {isa = PBXBuildFile; fileRef = B45905CA1D7023D000CFEFEF /* UISegmentedControl_fontSize.swift */; };
		B4856D961D6889FC000EC687 /* UIView+borderColor.swift in Sources */ = {isa = PBXBuildFile; fileRef = B4856D951D6889FC000EC687 /* UIView+borderColor.swift */; };
		B4856D981D6896E0000EC687 /* OrdersTableViewCell.swift in Sources */ = {isa = PBXBuildFile; fileRef = B4856D971D6896E0000EC687 /* OrdersTableViewCell.swift */; };
		B4EEA3261D6429EB0039D998 /* AppDelegate.swift in Sources */ = {isa = PBXBuildFile; fileRef = B4EEA3251D6429EB0039D998 /* AppDelegate.swift */; };
		B4EEA32D1D6429EB0039D998 /* Assets.xcassets in Resources */ = {isa = PBXBuildFile; fileRef = B4EEA32C1D6429EB0039D998 /* Assets.xcassets */; };
		B4EEA3301D6429EB0039D998 /* LaunchScreen.storyboard in Resources */ = {isa = PBXBuildFile; fileRef = B4EEA32E1D6429EB0039D998 /* LaunchScreen.storyboard */; };
		B4EEA33B1D6429EB0039D998 /* cleancarUITests.swift in Sources */ = {isa = PBXBuildFile; fileRef = B4EEA33A1D6429EB0039D998 /* cleancarUITests.swift */; };
		B4EEA3481D644B1F0039D998 /* HomeViewController.swift in Sources */ = {isa = PBXBuildFile; fileRef = B4EEA3471D644B1F0039D998 /* HomeViewController.swift */; };
/* End PBXBuildFile section */

/* Begin PBXContainerItemProxy section */
		B4EEA3371D6429EB0039D998 /* PBXContainerItemProxy */ = {
			isa = PBXContainerItemProxy;
			containerPortal = B4EEA31A1D6429EA0039D998 /* Project object */;
			proxyType = 1;
			remoteGlobalIDString = B4EEA3211D6429EA0039D998;
			remoteInfo = cleancar;
		};
/* End PBXContainerItemProxy section */

/* Begin PBXFileReference section */
		09557AF8E2E4DB998B24E254 /* Pods-cleancarUITests.debug.xcconfig */ = {isa = PBXFileReference; includeInIndex = 1; lastKnownFileType = text.xcconfig; name = "Pods-cleancarUITests.debug.xcconfig"; path = "Pods/Target Support Files/Pods-cleancarUITests/Pods-cleancarUITests.debug.xcconfig"; sourceTree = "<group>"; };
		408F4B8A8AAB864F46AF8072 /* Pods-cleancar.release.xcconfig */ = {isa = PBXFileReference; includeInIndex = 1; lastKnownFileType = text.xcconfig; name = "Pods-cleancar.release.xcconfig"; path = "Pods/Target Support Files/Pods-cleancar/Pods-cleancar.release.xcconfig"; sourceTree = "<group>"; };
		48303207C9BACF141C57D8CC /* Pods_cleancarUITests.framework */ = {isa = PBXFileReference; explicitFileType = wrapper.framework; includeInIndex = 0; path = Pods_cleancarUITests.framework; sourceTree = BUILT_PRODUCTS_DIR; };
		5209DE3E1D6C1EEA006E040E /* ServicesTableViewController.swift */ = {isa = PBXFileReference; fileEncoding = 4; lastKnownFileType = sourcecode.swift; path = ServicesTableViewController.swift; sourceTree = "<group>"; };
		5225B0591D6B5CEB00BFBAE7 /* CarInfo.swift */ = {isa = PBXFileReference; fileEncoding = 4; lastKnownFileType = sourcecode.swift; path = CarInfo.swift; sourceTree = "<group>"; };
		5225B05B1D6B640E00BFBAE7 /* Services.swift */ = {isa = PBXFileReference; fileEncoding = 4; lastKnownFileType = sourcecode.swift; path = Services.swift; sourceTree = "<group>"; };
		523F3B511D66EA4300B75421 /* BookingHour.swift */ = {isa = PBXFileReference; fileEncoding = 4; lastKnownFileType = sourcecode.swift; path = BookingHour.swift; sourceTree = "<group>"; };
		523F3B541D67678B00B75421 /* GoogleService-Info.plist */ = {isa = PBXFileReference; fileEncoding = 4; lastKnownFileType = text.plist.xml; path = "GoogleService-Info.plist"; sourceTree = "<group>"; };
		523F3B561D67A50B00B75421 /* BookingController.swift */ = {isa = PBXFileReference; fileEncoding = 4; lastKnownFileType = sourcecode.swift; path = BookingController.swift; sourceTree = "<group>"; };
		5252E8121D731457009A841F /* FirebaseDataProtocol.swift */ = {isa = PBXFileReference; fileEncoding = 4; lastKnownFileType = sourcecode.swift; path = FirebaseDataProtocol.swift; sourceTree = "<group>"; };
		5252E8141D7582E2009A841F /* Utils.swift */ = {isa = PBXFileReference; fileEncoding = 4; lastKnownFileType = sourcecode.swift; path = Utils.swift; sourceTree = "<group>"; };
		525C7C961D66C6D400DAE000 /* PricelistController.swift */ = {isa = PBXFileReference; fileEncoding = 4; lastKnownFileType = sourcecode.swift; path = PricelistController.swift; sourceTree = "<group>"; };
		525C7C991D66CEE300DAE000 /* BookingHoursCollectionViewCell.swift */ = {isa = PBXFileReference; fileEncoding = 4; lastKnownFileType = sourcecode.swift; path = BookingHoursCollectionViewCell.swift; sourceTree = "<group>"; };
		528947241D717441004B7090 /* LoginViewController.swift */ = {isa = PBXFileReference; fileEncoding = 4; lastKnownFileType = sourcecode.swift; path = LoginViewController.swift; sourceTree = "<group>"; };
		528947261D71760D004B7090 /* LoginCheckViewController.swift */ = {isa = PBXFileReference; fileEncoding = 4; lastKnownFileType = sourcecode.swift; path = LoginCheckViewController.swift; sourceTree = "<group>"; };
		528947281D72C9D7004B7090 /* Reservation.swift */ = {isa = PBXFileReference; fileEncoding = 4; lastKnownFileType = sourcecode.swift; path = Reservation.swift; sourceTree = "<group>"; };
		5289472A1D72CA0F004B7090 /* User.swift */ = {isa = PBXFileReference; fileEncoding = 4; lastKnownFileType = sourcecode.swift; path = User.swift; sourceTree = "<group>"; };
		5289472C1D72CFA9004B7090 /* Washer.swift */ = {isa = PBXFileReference; fileEncoding = 4; lastKnownFileType = sourcecode.swift; path = Washer.swift; sourceTree = "<group>"; };
		5292AC031D6EB40A00E03760 /* Base */ = {isa = PBXFileReference; lastKnownFileType = file.storyboard; name = Base; path = Base.lproj/Main.storyboard; sourceTree = "<group>"; };
		5292AC061D6EBD4C00E03760 /* Dimmable.swift */ = {isa = PBXFileReference; fileEncoding = 4; lastKnownFileType = sourcecode.swift; path = Dimmable.swift; sourceTree = "<group>"; };
		82965A14B655F9FE32120647 /* Pods-cleancarUITests.release.xcconfig */ = {isa = PBXFileReference; includeInIndex = 1; lastKnownFileType = text.xcconfig; name = "Pods-cleancarUITests.release.xcconfig"; path = "Pods/Target Support Files/Pods-cleancarUITests/Pods-cleancarUITests.release.xcconfig"; sourceTree = "<group>"; };
		84384B51F1EAA21FEFEA9766 /* Pods-cleancar.debug.xcconfig */ = {isa = PBXFileReference; includeInIndex = 1; lastKnownFileType = text.xcconfig; name = "Pods-cleancar.debug.xcconfig"; path = "Pods/Target Support Files/Pods-cleancar/Pods-cleancar.debug.xcconfig"; sourceTree = "<group>"; };
		97FAB469328B62ACE747D91A /* Pods-cleancar.release.xcconfig */ = {isa = PBXFileReference; includeInIndex = 1; lastKnownFileType = text.xcconfig; name = "Pods-cleancar.release.xcconfig"; path = "Pods/Target Support Files/Pods-cleancar/Pods-cleancar.release.xcconfig"; sourceTree = "<group>"; };
		9EBDDD8594AA17CCC79ADDBF /* Pods-cleancarUITests.debug.xcconfig */ = {isa = PBXFileReference; includeInIndex = 1; lastKnownFileType = text.xcconfig; name = "Pods-cleancarUITests.debug.xcconfig"; path = "Pods/Target Support Files/Pods-cleancarUITests/Pods-cleancarUITests.debug.xcconfig"; sourceTree = "<group>"; };
		B43C90021D6859F800667B09 /* FeedbackViewController.swift */ = {isa = PBXFileReference; fileEncoding = 4; lastKnownFileType = sourcecode.swift; path = FeedbackViewController.swift; sourceTree = "<group>"; };
		B45905C31D6AC92600CFEFEF /* PopUpViewController.swift */ = {isa = PBXFileReference; fileEncoding = 4; lastKnownFileType = sourcecode.swift; path = PopUpViewController.swift; sourceTree = "<group>"; };
		B45905C51D6C171B00CFEFEF /* OrdersTableViewController.swift */ = {isa = PBXFileReference; fileEncoding = 4; lastKnownFileType = sourcecode.swift; path = OrdersTableViewController.swift; sourceTree = "<group>"; };
		B45905CA1D7023D000CFEFEF /* UISegmentedControl_fontSize.swift */ = {isa = PBXFileReference; fileEncoding = 4; lastKnownFileType = sourcecode.swift; path = UISegmentedControl_fontSize.swift; sourceTree = "<group>"; };
		B4856D951D6889FC000EC687 /* UIView+borderColor.swift */ = {isa = PBXFileReference; fileEncoding = 4; lastKnownFileType = sourcecode.swift; path = "UIView+borderColor.swift"; sourceTree = "<group>"; };
		B4856D971D6896E0000EC687 /* OrdersTableViewCell.swift */ = {isa = PBXFileReference; fileEncoding = 4; lastKnownFileType = sourcecode.swift; path = OrdersTableViewCell.swift; sourceTree = "<group>"; };
		B4EEA3221D6429EA0039D998 /* cleancar.app */ = {isa = PBXFileReference; explicitFileType = wrapper.application; includeInIndex = 0; path = cleancar.app; sourceTree = BUILT_PRODUCTS_DIR; };
		B4EEA3251D6429EB0039D998 /* AppDelegate.swift */ = {isa = PBXFileReference; lastKnownFileType = sourcecode.swift; path = AppDelegate.swift; sourceTree = "<group>"; };
		B4EEA32C1D6429EB0039D998 /* Assets.xcassets */ = {isa = PBXFileReference; lastKnownFileType = folder.assetcatalog; path = Assets.xcassets; sourceTree = "<group>"; };
		B4EEA32F1D6429EB0039D998 /* Base */ = {isa = PBXFileReference; lastKnownFileType = file.storyboard; name = Base; path = Base.lproj/LaunchScreen.storyboard; sourceTree = "<group>"; };
		B4EEA3311D6429EB0039D998 /* Info.plist */ = {isa = PBXFileReference; lastKnownFileType = text.plist.xml; path = Info.plist; sourceTree = "<group>"; };
		B4EEA3361D6429EB0039D998 /* cleancarUITests.xctest */ = {isa = PBXFileReference; explicitFileType = wrapper.cfbundle; includeInIndex = 0; path = cleancarUITests.xctest; sourceTree = BUILT_PRODUCTS_DIR; };
		B4EEA33A1D6429EB0039D998 /* cleancarUITests.swift */ = {isa = PBXFileReference; lastKnownFileType = sourcecode.swift; path = cleancarUITests.swift; sourceTree = "<group>"; };
		B4EEA33C1D6429EB0039D998 /* Info.plist */ = {isa = PBXFileReference; lastKnownFileType = text.plist.xml; path = Info.plist; sourceTree = "<group>"; };
		B4EEA3471D644B1F0039D998 /* HomeViewController.swift */ = {isa = PBXFileReference; fileEncoding = 4; lastKnownFileType = sourcecode.swift; path = HomeViewController.swift; sourceTree = "<group>"; };
		B804464F39BDE39608136BA1 /* Pods-cleancar.debug.xcconfig */ = {isa = PBXFileReference; includeInIndex = 1; lastKnownFileType = text.xcconfig; name = "Pods-cleancar.debug.xcconfig"; path = "Pods/Target Support Files/Pods-cleancar/Pods-cleancar.debug.xcconfig"; sourceTree = "<group>"; };
		EEC7078257E4E069BA7EF11A /* Pods_cleancar.framework */ = {isa = PBXFileReference; explicitFileType = wrapper.framework; includeInIndex = 0; path = Pods_cleancar.framework; sourceTree = BUILT_PRODUCTS_DIR; };
		F6979A98C03896628EE9F5B7 /* Pods-cleancarUITests.release.xcconfig */ = {isa = PBXFileReference; includeInIndex = 1; lastKnownFileType = text.xcconfig; name = "Pods-cleancarUITests.release.xcconfig"; path = "Pods/Target Support Files/Pods-cleancarUITests/Pods-cleancarUITests.release.xcconfig"; sourceTree = "<group>"; };
/* End PBXFileReference section */

/* Begin PBXFrameworksBuildPhase section */
		B4EEA31F1D6429EA0039D998 /* Frameworks */ = {
			isa = PBXFrameworksBuildPhase;
			buildActionMask = 2147483647;
			files = (
				3CCDD94ABB73D43BD8346AB0 /* Pods_cleancar.framework in Frameworks */,
			);
			runOnlyForDeploymentPostprocessing = 0;
		};
		B4EEA3331D6429EB0039D998 /* Frameworks */ = {
			isa = PBXFrameworksBuildPhase;
			buildActionMask = 2147483647;
			files = (
				0404B3F268897FB69D358151 /* Pods_cleancarUITests.framework in Frameworks */,
			);
			runOnlyForDeploymentPostprocessing = 0;
		};
/* End PBXFrameworksBuildPhase section */

/* Begin PBXGroup section */
		0547B4E5F47B77E8C25819A1 /* Pods */ = {
			isa = PBXGroup;
			children = (
				B804464F39BDE39608136BA1 /* Pods-cleancar.debug.xcconfig */,
				97FAB469328B62ACE747D91A /* Pods-cleancar.release.xcconfig */,
				9EBDDD8594AA17CCC79ADDBF /* Pods-cleancarUITests.debug.xcconfig */,
				F6979A98C03896628EE9F5B7 /* Pods-cleancarUITests.release.xcconfig */,
			);
			name = Pods;
			sourceTree = "<group>";
		};
		523F3B4D1D66E91B00B75421 /* Recovered References */ = {
			isa = PBXGroup;
			children = (
				84384B51F1EAA21FEFEA9766 /* Pods-cleancar.debug.xcconfig */,
				408F4B8A8AAB864F46AF8072 /* Pods-cleancar.release.xcconfig */,
				09557AF8E2E4DB998B24E254 /* Pods-cleancarUITests.debug.xcconfig */,
				82965A14B655F9FE32120647 /* Pods-cleancarUITests.release.xcconfig */,
			);
			name = "Recovered References";
			sourceTree = "<group>";
		};
		523F3B4E1D66E93F00B75421 /* SignUp/SignIn */ = {
			isa = PBXGroup;
			children = (
				528947241D717441004B7090 /* LoginViewController.swift */,
				528947261D71760D004B7090 /* LoginCheckViewController.swift */,
			);
			name = SignUp/SignIn;
			sourceTree = "<group>";
		};
		523F3B4F1D66E96600B75421 /* Tabs */ = {
			isa = PBXGroup;
			children = (
				B4EEA3471D644B1F0039D998 /* HomeViewController.swift */,
				525C7C961D66C6D400DAE000 /* PricelistController.swift */,
				B45905C51D6C171B00CFEFEF /* OrdersTableViewController.swift */,
			);
			name = Tabs;
			sourceTree = "<group>";
		};
		523F3B501D66EA1300B75421 /* models */ = {
			isa = PBXGroup;
			children = (
				523F3B511D66EA4300B75421 /* BookingHour.swift */,
				5225B0591D6B5CEB00BFBAE7 /* CarInfo.swift */,
				5225B05B1D6B640E00BFBAE7 /* Services.swift */,
				528947281D72C9D7004B7090 /* Reservation.swift */,
				5289472A1D72CA0F004B7090 /* User.swift */,
				5289472C1D72CFA9004B7090 /* Washer.swift */,
			);
			name = models;
			sourceTree = "<group>";
		};
		523F3B531D6758B400B75421 /* Supporting Files */ = {
			isa = PBXGroup;
			children = (
				B4EEA3251D6429EB0039D998 /* AppDelegate.swift */,
				B4EEA32C1D6429EB0039D998 /* Assets.xcassets */,
				B4EEA32E1D6429EB0039D998 /* LaunchScreen.storyboard */,
				B4EEA3311D6429EB0039D998 /* Info.plist */,
				523F3B541D67678B00B75421 /* GoogleService-Info.plist */,
			);
			name = "Supporting Files";
			sourceTree = "<group>";
		};
		525C7C981D66C6DF00DAE000 /* controllers */ = {
			isa = PBXGroup;
			children = (
				523F3B4E1D66E93F00B75421 /* SignUp/SignIn */,
				523F3B4F1D66E96600B75421 /* Tabs */,
				B43C90021D6859F800667B09 /* FeedbackViewController.swift */,
				B45905C31D6AC92600CFEFEF /* PopUpViewController.swift */,
				5209DE3E1D6C1EEA006E040E /* ServicesTableViewController.swift */,
				523F3B561D67A50B00B75421 /* BookingController.swift */,
			);
			name = controllers;
			sourceTree = "<group>";
		};
		525C7C9C1D66CF1F00DAE000 /* views */ = {
			isa = PBXGroup;
			children = (
				525C7C991D66CEE300DAE000 /* BookingHoursCollectionViewCell.swift */,
				B4856D971D6896E0000EC687 /* OrdersTableViewCell.swift */,
			);
			name = views;
			sourceTree = "<group>";
		};
		5292AC051D6EBD2A00E03760 /* helpers */ = {
			isa = PBXGroup;
			children = (
				5292AC061D6EBD4C00E03760 /* Dimmable.swift */,
				5252E8121D731457009A841F /* FirebaseDataProtocol.swift */,
				5252E8141D7582E2009A841F /* Utils.swift */,
			);
			name = helpers;
			sourceTree = "<group>";
		};
		B4856D941D6889DE000EC687 /* extensions */ = {
			isa = PBXGroup;
			children = (
				B4856D951D6889FC000EC687 /* UIView+borderColor.swift */,
				B45905CA1D7023D000CFEFEF /* UISegmentedControl_fontSize.swift */,
			);
			name = extensions;
			path = cleancar;
			sourceTree = "<group>";
		};
		B4EEA3191D6429EA0039D998 = {
			isa = PBXGroup;
			children = (
				B4EEA3241D6429EB0039D998 /* cleancar */,
				B4856D941D6889DE000EC687 /* extensions */,
				B4EEA3231D6429EA0039D998 /* Products */,
				B4EEA3391D6429EB0039D998 /* cleancarUITests */,
				E839B45BC8CB19266AD0869D /* Frameworks */,
				523F3B4D1D66E91B00B75421 /* Recovered References */,
				0547B4E5F47B77E8C25819A1 /* Pods */,
			);
			sourceTree = "<group>";
		};
		B4EEA3231D6429EA0039D998 /* Products */ = {
			isa = PBXGroup;
			children = (
				B4EEA3221D6429EA0039D998 /* cleancar.app */,
				B4EEA3361D6429EB0039D998 /* cleancarUITests.xctest */,
			);
			name = Products;
			sourceTree = "<group>";
		};
		B4EEA3241D6429EB0039D998 /* cleancar */ = {
			isa = PBXGroup;
			children = (
				5292AC051D6EBD2A00E03760 /* helpers */,
				525C7C981D66C6DF00DAE000 /* controllers */,
				525C7C9C1D66CF1F00DAE000 /* views */,
				523F3B501D66EA1300B75421 /* models */,
				5292AC021D6EB40A00E03760 /* Main.storyboard */,
				523F3B531D6758B400B75421 /* Supporting Files */,
			);
			path = cleancar;
			sourceTree = "<group>";
		};
		B4EEA3391D6429EB0039D998 /* cleancarUITests */ = {
			isa = PBXGroup;
			children = (
				B4EEA33A1D6429EB0039D998 /* cleancarUITests.swift */,
				B4EEA33C1D6429EB0039D998 /* Info.plist */,
			);
			path = cleancarUITests;
			sourceTree = SOURCE_ROOT;
		};
		E839B45BC8CB19266AD0869D /* Frameworks */ = {
			isa = PBXGroup;
			children = (
				EEC7078257E4E069BA7EF11A /* Pods_cleancar.framework */,
				48303207C9BACF141C57D8CC /* Pods_cleancarUITests.framework */,
			);
			name = Frameworks;
			sourceTree = "<group>";
		};
/* End PBXGroup section */

/* Begin PBXNativeTarget section */
		B4EEA3211D6429EA0039D998 /* cleancar */ = {
			isa = PBXNativeTarget;
			buildConfigurationList = B4EEA33F1D6429EB0039D998 /* Build configuration list for PBXNativeTarget "cleancar" */;
			buildPhases = (
				6CE1F23108BB993223B7300A /* [CP] Check Pods Manifest.lock */,
				B4EEA31E1D6429EA0039D998 /* Sources */,
				B4EEA31F1D6429EA0039D998 /* Frameworks */,
				B4EEA3201D6429EA0039D998 /* Resources */,
				11435FF7F653869260FD68D4 /* [CP] Embed Pods Frameworks */,
				2B78FF9D927FFA0541741E4F /* [CP] Copy Pods Resources */,
			);
			buildRules = (
			);
			dependencies = (
			);
			name = cleancar;
			productName = cleancar;
			productReference = B4EEA3221D6429EA0039D998 /* cleancar.app */;
			productType = "com.apple.product-type.application";
		};
		B4EEA3351D6429EB0039D998 /* cleancarUITests */ = {
			isa = PBXNativeTarget;
			buildConfigurationList = B4EEA3421D6429EB0039D998 /* Build configuration list for PBXNativeTarget "cleancarUITests" */;
			buildPhases = (
				957ABC4DB6E38A0CD50B0D62 /* [CP] Check Pods Manifest.lock */,
				B4EEA3321D6429EB0039D998 /* Sources */,
				B4EEA3331D6429EB0039D998 /* Frameworks */,
				B4EEA3341D6429EB0039D998 /* Resources */,
				2EDD7F92E408F12FC631F9B8 /* [CP] Copy Pods Resources */,
			);
			buildRules = (
			);
			dependencies = (
				B4EEA3381D6429EB0039D998 /* PBXTargetDependency */,
			);
			name = cleancarUITests;
			productName = cleancarUITests;
			productReference = B4EEA3361D6429EB0039D998 /* cleancarUITests.xctest */;
			productType = "com.apple.product-type.bundle.ui-testing";
		};
/* End PBXNativeTarget section */

/* Begin PBXProject section */
		B4EEA31A1D6429EA0039D998 /* Project object */ = {
			isa = PBXProject;
			attributes = {
				LastSwiftUpdateCheck = 0730;
				LastUpgradeCheck = 0730;
				ORGANIZATIONNAME = a;
				TargetAttributes = {
					B4EEA3211D6429EA0039D998 = {
						CreatedOnToolsVersion = 7.3.1;
						DevelopmentTeam = 9P2RB2SCK5;
					};
					B4EEA3351D6429EB0039D998 = {
						CreatedOnToolsVersion = 7.3.1;
						TestTargetID = B4EEA3211D6429EA0039D998;
					};
				};
			};
			buildConfigurationList = B4EEA31D1D6429EA0039D998 /* Build configuration list for PBXProject "cleancar" */;
			compatibilityVersion = "Xcode 3.2";
			developmentRegion = English;
			hasScannedForEncodings = 0;
			knownRegions = (
				en,
				Base,
			);
			mainGroup = B4EEA3191D6429EA0039D998;
			productRefGroup = B4EEA3231D6429EA0039D998 /* Products */;
			projectDirPath = "";
			projectRoot = "";
			targets = (
				B4EEA3211D6429EA0039D998 /* cleancar */,
				B4EEA3351D6429EB0039D998 /* cleancarUITests */,
			);
		};
/* End PBXProject section */

/* Begin PBXResourcesBuildPhase section */
		B4EEA3201D6429EA0039D998 /* Resources */ = {
			isa = PBXResourcesBuildPhase;
			buildActionMask = 2147483647;
			files = (
				B4EEA3301D6429EB0039D998 /* LaunchScreen.storyboard in Resources */,
				523F3B551D67678B00B75421 /* GoogleService-Info.plist in Resources */,
				B4EEA32D1D6429EB0039D998 /* Assets.xcassets in Resources */,
				5292AC041D6EB40A00E03760 /* Main.storyboard in Resources */,
			);
			runOnlyForDeploymentPostprocessing = 0;
		};
		B4EEA3341D6429EB0039D998 /* Resources */ = {
			isa = PBXResourcesBuildPhase;
			buildActionMask = 2147483647;
			files = (
			);
			runOnlyForDeploymentPostprocessing = 0;
		};
/* End PBXResourcesBuildPhase section */

/* Begin PBXShellScriptBuildPhase section */
		11435FF7F653869260FD68D4 /* [CP] Embed Pods Frameworks */ = {
			isa = PBXShellScriptBuildPhase;
			buildActionMask = 2147483647;
			files = (
			);
			inputPaths = (
			);
			name = "[CP] Embed Pods Frameworks";
			outputPaths = (
			);
			runOnlyForDeploymentPostprocessing = 0;
			shellPath = /bin/sh;
			shellScript = "\"${SRCROOT}/Pods/Target Support Files/Pods-cleancar/Pods-cleancar-frameworks.sh\"\n";
			showEnvVarsInLog = 0;
		};
		2B78FF9D927FFA0541741E4F /* [CP] Copy Pods Resources */ = {
			isa = PBXShellScriptBuildPhase;
			buildActionMask = 2147483647;
			files = (
			);
			inputPaths = (
			);
			name = "[CP] Copy Pods Resources";
			outputPaths = (
			);
			runOnlyForDeploymentPostprocessing = 0;
			shellPath = /bin/sh;
			shellScript = "\"${SRCROOT}/Pods/Target Support Files/Pods-cleancar/Pods-cleancar-resources.sh\"\n";
			showEnvVarsInLog = 0;
		};
		2EDD7F92E408F12FC631F9B8 /* [CP] Copy Pods Resources */ = {
			isa = PBXShellScriptBuildPhase;
			buildActionMask = 2147483647;
			files = (
			);
			inputPaths = (
			);
			name = "[CP] Copy Pods Resources";
			outputPaths = (
			);
			runOnlyForDeploymentPostprocessing = 0;
			shellPath = /bin/sh;
			shellScript = "\"${SRCROOT}/Pods/Target Support Files/Pods-cleancarUITests/Pods-cleancarUITests-resources.sh\"\n";
			showEnvVarsInLog = 0;
		};
		6CE1F23108BB993223B7300A /* [CP] Check Pods Manifest.lock */ = {
			isa = PBXShellScriptBuildPhase;
			buildActionMask = 2147483647;
			files = (
			);
			inputPaths = (
			);
			name = "[CP] Check Pods Manifest.lock";
			outputPaths = (
			);
			runOnlyForDeploymentPostprocessing = 0;
			shellPath = /bin/sh;
			shellScript = "diff \"${PODS_ROOT}/../Podfile.lock\" \"${PODS_ROOT}/Manifest.lock\" > /dev/null\nif [[ $? != 0 ]] ; then\n    cat << EOM\nerror: The sandbox is not in sync with the Podfile.lock. Run 'pod install' or update your CocoaPods installation.\nEOM\n    exit 1\nfi\n";
			showEnvVarsInLog = 0;
		};
		957ABC4DB6E38A0CD50B0D62 /* [CP] Check Pods Manifest.lock */ = {
			isa = PBXShellScriptBuildPhase;
			buildActionMask = 2147483647;
			files = (
			);
			inputPaths = (
			);
			name = "[CP] Check Pods Manifest.lock";
			outputPaths = (
			);
			runOnlyForDeploymentPostprocessing = 0;
			shellPath = /bin/sh;
			shellScript = "diff \"${PODS_ROOT}/../Podfile.lock\" \"${PODS_ROOT}/Manifest.lock\" > /dev/null\nif [[ $? != 0 ]] ; then\n    cat << EOM\nerror: The sandbox is not in sync with the Podfile.lock. Run 'pod install' or update your CocoaPods installation.\nEOM\n    exit 1\nfi\n";
			showEnvVarsInLog = 0;
		};
/* End PBXShellScriptBuildPhase section */

/* Begin PBXSourcesBuildPhase section */
		B4EEA31E1D6429EA0039D998 /* Sources */ = {
			isa = PBXSourcesBuildPhase;
			buildActionMask = 2147483647;
			files = (
				523F3B521D66EA4300B75421 /* BookingHour.swift in Sources */,
				528947291D72C9D7004B7090 /* Reservation.swift in Sources */,
				528947271D71760D004B7090 /* LoginCheckViewController.swift in Sources */,
				52284A8E1D75F5DD00A41427 /* BookingHoursCollectionViewCell.swift in Sources */,
				5225B05C1D6B640E00BFBAE7 /* Services.swift in Sources */,
				528947251D717441004B7090 /* LoginViewController.swift in Sources */,
				5209DE3F1D6C1EEA006E040E /* ServicesTableViewController.swift in Sources */,
				5289472D1D72CFA9004B7090 /* Washer.swift in Sources */,
				5225B05A1D6B5CEB00BFBAE7 /* CarInfo.swift in Sources */,
				5289472B1D72CA0F004B7090 /* User.swift in Sources */,
				5292AC071D6EBD4C00E03760 /* Dimmable.swift in Sources */,
				B4856D961D6889FC000EC687 /* UIView+borderColor.swift in Sources */,
				B4EEA3261D6429EB0039D998 /* AppDelegate.swift in Sources */,
				525C7C971D66C6D400DAE000 /* PricelistController.swift in Sources */,
				B45905C61D6C171B00CFEFEF /* OrdersTableViewController.swift in Sources */,
				5252E8151D7582E2009A841F /* Utils.swift in Sources */,
				B45905C41D6AC92600CFEFEF /* PopUpViewController.swift in Sources */,
				B4856D981D6896E0000EC687 /* OrdersTableViewCell.swift in Sources */,
				B45905CB1D7023D000CFEFEF /* UISegmentedControl_fontSize.swift in Sources */,
				B4EEA3481D644B1F0039D998 /* HomeViewController.swift in Sources */,
				B43C90031D6859F800667B09 /* FeedbackViewController.swift in Sources */,
				5252E8131D731457009A841F /* FirebaseDataProtocol.swift in Sources */,
				523F3B571D67A50B00B75421 /* BookingController.swift in Sources */,
			);
			runOnlyForDeploymentPostprocessing = 0;
		};
		B4EEA3321D6429EB0039D998 /* Sources */ = {
			isa = PBXSourcesBuildPhase;
			buildActionMask = 2147483647;
			files = (
				B4EEA33B1D6429EB0039D998 /* cleancarUITests.swift in Sources */,
			);
			runOnlyForDeploymentPostprocessing = 0;
		};
/* End PBXSourcesBuildPhase section */

/* Begin PBXTargetDependency section */
		B4EEA3381D6429EB0039D998 /* PBXTargetDependency */ = {
			isa = PBXTargetDependency;
			target = B4EEA3211D6429EA0039D998 /* cleancar */;
			targetProxy = B4EEA3371D6429EB0039D998 /* PBXContainerItemProxy */;
		};
/* End PBXTargetDependency section */

/* Begin PBXVariantGroup section */
		5292AC021D6EB40A00E03760 /* Main.storyboard */ = {
			isa = PBXVariantGroup;
			children = (
				5292AC031D6EB40A00E03760 /* Base */,
			);
			name = Main.storyboard;
			sourceTree = "<group>";
		};
		B4EEA32E1D6429EB0039D998 /* LaunchScreen.storyboard */ = {
			isa = PBXVariantGroup;
			children = (
				B4EEA32F1D6429EB0039D998 /* Base */,
			);
			name = LaunchScreen.storyboard;
			sourceTree = "<group>";
		};
/* End PBXVariantGroup section */

/* Begin XCBuildConfiguration section */
		B4EEA33D1D6429EB0039D998 /* Debug */ = {
			isa = XCBuildConfiguration;
			buildSettings = {
				ALWAYS_SEARCH_USER_PATHS = NO;
				CLANG_ANALYZER_NONNULL = YES;
				CLANG_CXX_LANGUAGE_STANDARD = "gnu++0x";
				CLANG_CXX_LIBRARY = "libc++";
				CLANG_ENABLE_MODULES = YES;
				CLANG_ENABLE_OBJC_ARC = YES;
				CLANG_WARN_BOOL_CONVERSION = YES;
				CLANG_WARN_CONSTANT_CONVERSION = YES;
				CLANG_WARN_DIRECT_OBJC_ISA_USAGE = YES_ERROR;
				CLANG_WARN_EMPTY_BODY = YES;
				CLANG_WARN_ENUM_CONVERSION = YES;
				CLANG_WARN_INT_CONVERSION = YES;
				CLANG_WARN_OBJC_ROOT_CLASS = YES_ERROR;
				CLANG_WARN_UNREACHABLE_CODE = YES;
				CLANG_WARN__DUPLICATE_METHOD_MATCH = YES;
				"CODE_SIGN_IDENTITY[sdk=iphoneos*]" = "iPhone Developer";
				COPY_PHASE_STRIP = NO;
				DEBUG_INFORMATION_FORMAT = dwarf;
				ENABLE_STRICT_OBJC_MSGSEND = YES;
				ENABLE_TESTABILITY = YES;
				GCC_C_LANGUAGE_STANDARD = gnu99;
				GCC_DYNAMIC_NO_PIC = NO;
				GCC_NO_COMMON_BLOCKS = YES;
				GCC_OPTIMIZATION_LEVEL = 0;
				GCC_PREPROCESSOR_DEFINITIONS = (
					"DEBUG=1",
					"$(inherited)",
				);
				GCC_WARN_64_TO_32_BIT_CONVERSION = YES;
				GCC_WARN_ABOUT_RETURN_TYPE = YES_ERROR;
				GCC_WARN_UNDECLARED_SELECTOR = YES;
				GCC_WARN_UNINITIALIZED_AUTOS = YES_AGGRESSIVE;
				GCC_WARN_UNUSED_FUNCTION = YES;
				GCC_WARN_UNUSED_VARIABLE = YES;
				IPHONEOS_DEPLOYMENT_TARGET = 9.3;
				MTL_ENABLE_DEBUG_INFO = YES;
				ONLY_ACTIVE_ARCH = YES;
				SDKROOT = iphoneos;
				SWIFT_OPTIMIZATION_LEVEL = "-Onone";
			};
			name = Debug;
		};
		B4EEA33E1D6429EB0039D998 /* Release */ = {
			isa = XCBuildConfiguration;
			buildSettings = {
				ALWAYS_SEARCH_USER_PATHS = NO;
				CLANG_ANALYZER_NONNULL = YES;
				CLANG_CXX_LANGUAGE_STANDARD = "gnu++0x";
				CLANG_CXX_LIBRARY = "libc++";
				CLANG_ENABLE_MODULES = YES;
				CLANG_ENABLE_OBJC_ARC = YES;
				CLANG_WARN_BOOL_CONVERSION = YES;
				CLANG_WARN_CONSTANT_CONVERSION = YES;
				CLANG_WARN_DIRECT_OBJC_ISA_USAGE = YES_ERROR;
				CLANG_WARN_EMPTY_BODY = YES;
				CLANG_WARN_ENUM_CONVERSION = YES;
				CLANG_WARN_INT_CONVERSION = YES;
				CLANG_WARN_OBJC_ROOT_CLASS = YES_ERROR;
				CLANG_WARN_UNREACHABLE_CODE = YES;
				CLANG_WARN__DUPLICATE_METHOD_MATCH = YES;
				"CODE_SIGN_IDENTITY[sdk=iphoneos*]" = "iPhone Developer";
				COPY_PHASE_STRIP = NO;
				DEBUG_INFORMATION_FORMAT = "dwarf-with-dsym";
				ENABLE_NS_ASSERTIONS = NO;
				ENABLE_STRICT_OBJC_MSGSEND = YES;
				GCC_C_LANGUAGE_STANDARD = gnu99;
				GCC_NO_COMMON_BLOCKS = YES;
				GCC_WARN_64_TO_32_BIT_CONVERSION = YES;
				GCC_WARN_ABOUT_RETURN_TYPE = YES_ERROR;
				GCC_WARN_UNDECLARED_SELECTOR = YES;
				GCC_WARN_UNINITIALIZED_AUTOS = YES_AGGRESSIVE;
				GCC_WARN_UNUSED_FUNCTION = YES;
				GCC_WARN_UNUSED_VARIABLE = YES;
				IPHONEOS_DEPLOYMENT_TARGET = 9.3;
				MTL_ENABLE_DEBUG_INFO = NO;
				SDKROOT = iphoneos;
				VALIDATE_PRODUCT = YES;
			};
			name = Release;
		};
		B4EEA3401D6429EB0039D998 /* Debug */ = {
			isa = XCBuildConfiguration;
			baseConfigurationReference = 84384B51F1EAA21FEFEA9766 /* Pods-cleancar.debug.xcconfig */;
			buildSettings = {
				ASSETCATALOG_COMPILER_APPICON_NAME = AppIcon;
				CODE_SIGN_IDENTITY = "iPhone Developer";
				"CODE_SIGN_IDENTITY[sdk=iphoneos*]" = "iPhone Developer";
				INFOPLIST_FILE = cleancar/Info.plist;
				IPHONEOS_DEPLOYMENT_TARGET = 8.2;
				LD_RUNPATH_SEARCH_PATHS = "$(inherited) @executable_path/Frameworks";
				PRODUCT_BUNDLE_IDENTIFIER = hackteam.MegaCleanCar;
				PRODUCT_NAME = "$(TARGET_NAME)";
				PROVISIONING_PROFILE = "";
			};
			name = Debug;
		};
		B4EEA3411D6429EB0039D998 /* Release */ = {
			isa = XCBuildConfiguration;
			baseConfigurationReference = 408F4B8A8AAB864F46AF8072 /* Pods-cleancar.release.xcconfig */;
			buildSettings = {
				ASSETCATALOG_COMPILER_APPICON_NAME = AppIcon;
				CODE_SIGN_IDENTITY = "iPhone Developer";
				"CODE_SIGN_IDENTITY[sdk=iphoneos*]" = "iPhone Developer";
				INFOPLIST_FILE = cleancar/Info.plist;
				IPHONEOS_DEPLOYMENT_TARGET = 8.2;
				LD_RUNPATH_SEARCH_PATHS = "$(inherited) @executable_path/Frameworks";
				PRODUCT_BUNDLE_IDENTIFIER = hackteam.MegaCleanCar;
				PRODUCT_NAME = "$(TARGET_NAME)";
				PROVISIONING_PROFILE = "";
			};
			name = Release;
		};
		B4EEA3431D6429EB0039D998 /* Debug */ = {
			isa = XCBuildConfiguration;
			baseConfigurationReference = 09557AF8E2E4DB998B24E254 /* Pods-cleancarUITests.debug.xcconfig */;
			buildSettings = {
				INFOPLIST_FILE = cleancarUITests/Info.plist;
				LD_RUNPATH_SEARCH_PATHS = "$(inherited) @executable_path/Frameworks @loader_path/Frameworks";
				PRODUCT_BUNDLE_IDENTIFIER = a.cleancarUITests;
				PRODUCT_NAME = "$(TARGET_NAME)";
				TEST_TARGET_NAME = cleancar;
			};
			name = Debug;
		};
		B4EEA3441D6429EB0039D998 /* Release */ = {
			isa = XCBuildConfiguration;
			baseConfigurationReference = 82965A14B655F9FE32120647 /* Pods-cleancarUITests.release.xcconfig */;
			buildSettings = {
				INFOPLIST_FILE = cleancarUITests/Info.plist;
				LD_RUNPATH_SEARCH_PATHS = "$(inherited) @executable_path/Frameworks @loader_path/Frameworks";
				PRODUCT_BUNDLE_IDENTIFIER = a.cleancarUITests;
				PRODUCT_NAME = "$(TARGET_NAME)";
				TEST_TARGET_NAME = cleancar;
			};
			name = Release;
		};
/* End XCBuildConfiguration section */

/* Begin XCConfigurationList section */
		B4EEA31D1D6429EA0039D998 /* Build configuration list for PBXProject "cleancar" */ = {
			isa = XCConfigurationList;
			buildConfigurations = (
				B4EEA33D1D6429EB0039D998 /* Debug */,
				B4EEA33E1D6429EB0039D998 /* Release */,
			);
			defaultConfigurationIsVisible = 0;
			defaultConfigurationName = Release;
		};
		B4EEA33F1D6429EB0039D998 /* Build configuration list for PBXNativeTarget "cleancar" */ = {
			isa = XCConfigurationList;
			buildConfigurations = (
				B4EEA3401D6429EB0039D998 /* Debug */,
				B4EEA3411D6429EB0039D998 /* Release */,
			);
			defaultConfigurationIsVisible = 0;
			defaultConfigurationName = Release;
		};
		B4EEA3421D6429EB0039D998 /* Build configuration list for PBXNativeTarget "cleancarUITests" */ = {
			isa = XCConfigurationList;
			buildConfigurations = (
				B4EEA3431D6429EB0039D998 /* Debug */,
				B4EEA3441D6429EB0039D998 /* Release */,
			);
			defaultConfigurationIsVisible = 0;
			defaultConfigurationName = Release;
		};
/* End XCConfigurationList section */
	};
	rootObject = B4EEA31A1D6429EA0039D998 /* Project object */;
}
